
Microsoft Visual Studio Solution File, Format Version 12.00
# Visual Studio Version 17
VisualStudioVersion = 17.10.35027.167
MinimumVisualStudioVersion = 10.0.40219.1
Project("{FAE04EC0-301F-11D3-BF4B-00C04F79EFBC}") = "Super Market", "Super Market\Super Market.csproj", "{FDE158C9-5C48-4467-955C-3FF192AEDDB9}"
EndProject
Project("{FAE04EC0-301F-11D3-BF4B-00C04F79EFBC}") = "مبيعات ل حيوانات", "..\..\مبيعات ل حيوانات\مبيعات ل حيوانات.csproj", "{486C927D-B3F0-4602-87E5-587AB48339AA}"
EndProject
Global
	GlobalSection(SolutionConfigurationPlatforms) = preSolution
		Debug|Any CPU = Debug|Any CPU
		Release|Any CPU = Release|Any CPU
	EndGlobalSection
	GlobalSection(ProjectConfigurationPlatforms) = postSolution
		{FDE158C9-5C48-4467-955C-3FF192AEDDB9}.Debug|Any CPU.ActiveCfg = Debug|Any CPU
		{FDE158C9-5C48-4467-955C-3FF192AEDDB9}.Debug|Any CPU.Build.0 = Debug|Any CPU
		{FDE158C9-5C48-4467-955C-3FF192AEDDB9}.Release|Any CPU.ActiveCfg = Release|Any CPU
		{FDE158C9-5C48-4467-955C-3FF192AEDDB9}.Release|Any CPU.Build.0 = Release|Any CPU
		{486C927D-B3F0-4602-87E5-587AB48339AA}.Debug|Any CPU.ActiveCfg = Debug|Any CPU
		{486C927D-B3F0-4602-87E5-587AB48339AA}.Debug|Any CPU.Build.0 = Debug|Any CPU
		{486C927D-B3F0-4602-87E5-587AB48339AA}.Release|Any CPU.ActiveCfg = Release|Any CPU
		{486C927D-B3F0-4602-87E5-587AB48339AA}.Release|Any CPU.Build.0 = Release|Any CPU
	EndGlobalSection
	GlobalSection(SolutionProperties) = preSolution
		HideSolutionNode = FALSE
	EndGlobalSection
	GlobalSection(ExtensibilityGlobals) = postSolution
		SolutionGuid = {8633F058-9D76-43AE-9D8B-AEC491EAC5EF}
	EndGlobalSection
EndGlobal
